// !$*UTF8*$!
{
	archiveVersion = 1;
	classes = {
	};
	objectVersion = 51;
	objects = {

/* Begin PBXBuildFile section */
		3D365EAD748494C176600286 /* Pods_Gambit.framework in Frameworks */ = {isa = PBXBuildFile; fileRef = 976CB9F7CEB7E763AD445244 /* Pods_Gambit.framework */; };
		CEA4639C253F5D1900074FA0 /* AppDelegate.swift in Sources */ = {isa = PBXBuildFile; fileRef = CEA4639B253F5D1900074FA0 /* AppDelegate.swift */; };
		CEA4639E253F5D1900074FA0 /* SceneDelegate.swift in Sources */ = {isa = PBXBuildFile; fileRef = CEA4639D253F5D1900074FA0 /* SceneDelegate.swift */; };
		CEA463A0253F5D1900074FA0 /* ViewController.swift in Sources */ = {isa = PBXBuildFile; fileRef = CEA4639F253F5D1900074FA0 /* ViewController.swift */; };
		CEA463A3253F5D1900074FA0 /* Main.storyboard in Resources */ = {isa = PBXBuildFile; fileRef = CEA463A1253F5D1900074FA0 /* Main.storyboard */; };
		CEA463A5253F5D1C00074FA0 /* Assets.xcassets in Resources */ = {isa = PBXBuildFile; fileRef = CEA463A4253F5D1C00074FA0 /* Assets.xcassets */; };
		CEA463A8253F5D1C00074FA0 /* LaunchScreen.storyboard in Resources */ = {isa = PBXBuildFile; fileRef = CEA463A6253F5D1C00074FA0 /* LaunchScreen.storyboard */; };
		CEA463B6253F5F3400074FA0 /* Product.swift in Sources */ = {isa = PBXBuildFile; fileRef = CEA463B5253F5F3400074FA0 /* Product.swift */; };
		CEA463BA253F60EC00074FA0 /* MainPresenter.swift in Sources */ = {isa = PBXBuildFile; fileRef = CEA463B9253F60EC00074FA0 /* MainPresenter.swift */; };
		CEA463C4253F641200074FA0 /* NetworkManager.swift in Sources */ = {isa = PBXBuildFile; fileRef = CEA463C3253F641200074FA0 /* NetworkManager.swift */; };
		CEA463C8253F65E900074FA0 /* FavoriteData.swift in Sources */ = {isa = PBXBuildFile; fileRef = CEA463C7253F65E900074FA0 /* FavoriteData.swift */; };
		CEA463CC253F6FF100074FA0 /* ProductCell.swift in Sources */ = {isa = PBXBuildFile; fileRef = CEA463CB253F6FF100074FA0 /* ProductCell.swift */; };
		CEA463D4253F9CBE00074FA0 /* API.swift in Sources */ = {isa = PBXBuildFile; fileRef = CEA463D3253F9CBE00074FA0 /* API.swift */; };
/* End PBXBuildFile section */

/* Begin PBXFileReference section */
		065B9AC66B235093A219C759 /* Pods-Gambit.debug.xcconfig */ = {isa = PBXFileReference; includeInIndex = 1; lastKnownFileType = text.xcconfig; name = "Pods-Gambit.debug.xcconfig"; path = "Target Support Files/Pods-Gambit/Pods-Gambit.debug.xcconfig"; sourceTree = "<group>"; };
		52F5852F60ACADE026F14EAF /* Pods-Gambit.release.xcconfig */ = {isa = PBXFileReference; includeInIndex = 1; lastKnownFileType = text.xcconfig; name = "Pods-Gambit.release.xcconfig"; path = "Target Support Files/Pods-Gambit/Pods-Gambit.release.xcconfig"; sourceTree = "<group>"; };
		976CB9F7CEB7E763AD445244 /* Pods_Gambit.framework */ = {isa = PBXFileReference; explicitFileType = wrapper.framework; includeInIndex = 0; path = Pods_Gambit.framework; sourceTree = BUILT_PRODUCTS_DIR; };
		CEA46398253F5D1900074FA0 /* Gambit.app */ = {isa = PBXFileReference; explicitFileType = wrapper.application; includeInIndex = 0; path = Gambit.app; sourceTree = BUILT_PRODUCTS_DIR; };
		CEA4639B253F5D1900074FA0 /* AppDelegate.swift */ = {isa = PBXFileReference; lastKnownFileType = sourcecode.swift; path = AppDelegate.swift; sourceTree = "<group>"; };
		CEA4639D253F5D1900074FA0 /* SceneDelegate.swift */ = {isa = PBXFileReference; lastKnownFileType = sourcecode.swift; path = SceneDelegate.swift; sourceTree = "<group>"; };
		CEA4639F253F5D1900074FA0 /* ViewController.swift */ = {isa = PBXFileReference; lastKnownFileType = sourcecode.swift; path = ViewController.swift; sourceTree = "<group>"; };
		CEA463A2253F5D1900074FA0 /* Base */ = {isa = PBXFileReference; lastKnownFileType = file.storyboard; name = Base; path = Base.lproj/Main.storyboard; sourceTree = "<group>"; };
		CEA463A4253F5D1C00074FA0 /* Assets.xcassets */ = {isa = PBXFileReference; lastKnownFileType = folder.assetcatalog; path = Assets.xcassets; sourceTree = "<group>"; };
		CEA463A7253F5D1C00074FA0 /* Base */ = {isa = PBXFileReference; lastKnownFileType = file.storyboard; name = Base; path = Base.lproj/LaunchScreen.storyboard; sourceTree = "<group>"; };
		CEA463A9253F5D1C00074FA0 /* Info.plist */ = {isa = PBXFileReference; lastKnownFileType = text.plist.xml; path = Info.plist; sourceTree = "<group>"; };
		CEA463B5253F5F3400074FA0 /* Product.swift */ = {isa = PBXFileReference; lastKnownFileType = sourcecode.swift; path = Product.swift; sourceTree = "<group>"; };
		CEA463B9253F60EC00074FA0 /* MainPresenter.swift */ = {isa = PBXFileReference; lastKnownFileType = sourcecode.swift; path = MainPresenter.swift; sourceTree = "<group>"; };
		CEA463C3253F641200074FA0 /* NetworkManager.swift */ = {isa = PBXFileReference; lastKnownFileType = sourcecode.swift; path = NetworkManager.swift; sourceTree = "<group>"; };
		CEA463C7253F65E900074FA0 /* FavoriteData.swift */ = {isa = PBXFileReference; lastKnownFileType = sourcecode.swift; path = FavoriteData.swift; sourceTree = "<group>"; };
		CEA463CB253F6FF100074FA0 /* ProductCell.swift */ = {isa = PBXFileReference; lastKnownFileType = sourcecode.swift; path = ProductCell.swift; sourceTree = "<group>"; };
		CEA463D3253F9CBE00074FA0 /* API.swift */ = {isa = PBXFileReference; lastKnownFileType = sourcecode.swift; path = API.swift; sourceTree = "<group>"; };
/* End PBXFileReference section */

/* Begin PBXFrameworksBuildPhase section */
		CEA46395253F5D1900074FA0 /* Frameworks */ = {
			isa = PBXFrameworksBuildPhase;
			buildActionMask = 2147483647;
			files = (
				3D365EAD748494C176600286 /* Pods_Gambit.framework in Frameworks */,
			);
			runOnlyForDeploymentPostprocessing = 0;
		};
/* End PBXFrameworksBuildPhase section */

/* Begin PBXGroup section */
		1895F595FAE6620229B0C7DF /* Frameworks */ = {
			isa = PBXGroup;
			children = (
				976CB9F7CEB7E763AD445244 /* Pods_Gambit.framework */,
			);
			name = Frameworks;
			sourceTree = "<group>";
		};
		3C59C30E585699AFA017FF77 /* Pods */ = {
			isa = PBXGroup;
			children = (
				065B9AC66B235093A219C759 /* Pods-Gambit.debug.xcconfig */,
				52F5852F60ACADE026F14EAF /* Pods-Gambit.release.xcconfig */,
			);
			path = Pods;
			sourceTree = "<group>";
		};
		CEA4638F253F5D1900074FA0 = {
			isa = PBXGroup;
			children = (
				CEA4639A253F5D1900074FA0 /* Gambit */,
				CEA46399253F5D1900074FA0 /* Products */,
				3C59C30E585699AFA017FF77 /* Pods */,
				1895F595FAE6620229B0C7DF /* Frameworks */,
			);
			sourceTree = "<group>";
		};
		CEA46399253F5D1900074FA0 /* Products */ = {
			isa = PBXGroup;
			children = (
				CEA46398253F5D1900074FA0 /* Gambit.app */,
			);
			name = Products;
			sourceTree = "<group>";
		};
		CEA4639A253F5D1900074FA0 /* Gambit */ = {
			isa = PBXGroup;
			children = (
				CEA4639B253F5D1900074FA0 /* AppDelegate.swift */,
				CEA4639D253F5D1900074FA0 /* SceneDelegate.swift */,
				CEA463C2253F63F900074FA0 /* Data */,
				CEA463C1253F63F000074FA0 /* NetworManager */,
				CEA463B0253F5F0A00074FA0 /* Screens */,
				CEA463A4253F5D1C00074FA0 /* Assets.xcassets */,
				CEA463A6253F5D1C00074FA0 /* LaunchScreen.storyboard */,
				CEA463A9253F5D1C00074FA0 /* Info.plist */,
			);
			path = Gambit;
			sourceTree = "<group>";
		};
		CEA463B0253F5F0A00074FA0 /* Screens */ = {
			isa = PBXGroup;
			children = (
				CEA463B1253F5F1200074FA0 /* Main */,
			);
			path = Screens;
			sourceTree = "<group>";
		};
		CEA463B1253F5F1200074FA0 /* Main */ = {
			isa = PBXGroup;
			children = (
				CEA463B4253F5F2700074FA0 /* Presenter */,
				CEA463B3253F5F2100074FA0 /* View */,
				CEA463B2253F5F1A00074FA0 /* Model */,
			);
			path = Main;
			sourceTree = "<group>";
		};
		CEA463B2253F5F1A00074FA0 /* Model */ = {
			isa = PBXGroup;
			children = (
				CEA463B5253F5F3400074FA0 /* Product.swift */,
			);
			path = Model;
			sourceTree = "<group>";
		};
		CEA463B3253F5F2100074FA0 /* View */ = {
			isa = PBXGroup;
			children = (
				CEA463A1253F5D1900074FA0 /* Main.storyboard */,
				CEA463CB253F6FF100074FA0 /* ProductCell.swift */,
				CEA4639F253F5D1900074FA0 /* ViewController.swift */,
			);
			path = View;
			sourceTree = "<group>";
		};
		CEA463B4253F5F2700074FA0 /* Presenter */ = {
			isa = PBXGroup;
			children = (
				CEA463B9253F60EC00074FA0 /* MainPresenter.swift */,
			);
			path = Presenter;
			sourceTree = "<group>";
		};
		CEA463C1253F63F000074FA0 /* NetworManager */ = {
			isa = PBXGroup;
			children = (
				CEA463C3253F641200074FA0 /* NetworkManager.swift */,
				CEA463D3253F9CBE00074FA0 /* API.swift */,
			);
			path = NetworManager;
			sourceTree = "<group>";
		};
		CEA463C2253F63F900074FA0 /* Data */ = {
			isa = PBXGroup;
			children = (
				CEA463C7253F65E900074FA0 /* FavoriteData.swift */,
			);
			path = Data;
			sourceTree = "<group>";
		};
/* End PBXGroup section */

/* Begin PBXNativeTarget section */
		CEA46397253F5D1900074FA0 /* Gambit */ = {
			isa = PBXNativeTarget;
			buildConfigurationList = CEA463AC253F5D1C00074FA0 /* Build configuration list for PBXNativeTarget "Gambit" */;
			buildPhases = (
				7C19A27AA687A8D0D4E5BFA5 /* [CP] Check Pods Manifest.lock */,
				CEA46394253F5D1900074FA0 /* Sources */,
				CEA46395253F5D1900074FA0 /* Frameworks */,
				CEA46396253F5D1900074FA0 /* Resources */,
				EE367658B99E6D28872CC3D4 /* [CP] Embed Pods Frameworks */,
			);
			buildRules = (
			);
			dependencies = (
			);
			name = Gambit;
			productName = Gambit;
			productReference = CEA46398253F5D1900074FA0 /* Gambit.app */;
			productType = "com.apple.product-type.application";
		};
/* End PBXNativeTarget section */

/* Begin PBXProject section */
		CEA46390253F5D1900074FA0 /* Project object */ = {
			isa = PBXProject;
			attributes = {
				LastSwiftUpdateCheck = 1200;
				LastUpgradeCheck = 1200;
				TargetAttributes = {
					CEA46397253F5D1900074FA0 = {
						CreatedOnToolsVersion = 12.0;
					};
				};
			};
			buildConfigurationList = CEA46393253F5D1900074FA0 /* Build configuration list for PBXProject "Gambit" */;
			compatibilityVersion = "Xcode 9.3";
			developmentRegion = en;
			hasScannedForEncodings = 0;
			knownRegions = (
				en,
				Base,
			);
			mainGroup = CEA4638F253F5D1900074FA0;
			productRefGroup = CEA46399253F5D1900074FA0 /* Products */;
			projectDirPath = "";
			projectRoot = "";
			targets = (
				CEA46397253F5D1900074FA0 /* Gambit */,
			);
		};
/* End PBXProject section */

/* Begin PBXResourcesBuildPhase section */
		CEA46396253F5D1900074FA0 /* Resources */ = {
			isa = PBXResourcesBuildPhase;
			buildActionMask = 2147483647;
			files = (
				CEA463A8253F5D1C00074FA0 /* LaunchScreen.storyboard in Resources */,
				CEA463A5253F5D1C00074FA0 /* Assets.xcassets in Resources */,
				CEA463A3253F5D1900074FA0 /* Main.storyboard in Resources */,
			);
			runOnlyForDeploymentPostprocessing = 0;
		};
/* End PBXResourcesBuildPhase section */

/* Begin PBXShellScriptBuildPhase section */
		7C19A27AA687A8D0D4E5BFA5 /* [CP] Check Pods Manifest.lock */ = {
			isa = PBXShellScriptBuildPhase;
			buildActionMask = 2147483647;
			files = (
			);
			inputFileListPaths = (
			);
			inputPaths = (
				"${PODS_PODFILE_DIR_PATH}/Podfile.lock",
				"${PODS_ROOT}/Manifest.lock",
			);
			name = "[CP] Check Pods Manifest.lock";
			outputFileListPaths = (
			);
			outputPaths = (
				"$(DERIVED_FILE_DIR)/Pods-Gambit-checkManifestLockResult.txt",
			);
			runOnlyForDeploymentPostprocessing = 0;
			shellPath = /bin/sh;
			shellScript = "diff \"${PODS_PODFILE_DIR_PATH}/Podfile.lock\" \"${PODS_ROOT}/Manifest.lock\" > /dev/null\nif [ $? != 0 ] ; then\n    # print error to STDERR\n    echo \"error: The sandbox is not in sync with the Podfile.lock. Run 'pod install' or update your CocoaPods installation.\" >&2\n    exit 1\nfi\n# This output is used by Xcode 'outputs' to avoid re-running this script phase.\necho \"SUCCESS\" > \"${SCRIPT_OUTPUT_FILE_0}\"\n";
			showEnvVarsInLog = 0;
		};
		EE367658B99E6D28872CC3D4 /* [CP] Embed Pods Frameworks */ = {
			isa = PBXShellScriptBuildPhase;
			buildActionMask = 2147483647;
			files = (
			);
			inputFileListPaths = (
				"${PODS_ROOT}/Target Support Files/Pods-Gambit/Pods-Gambit-frameworks-${CONFIGURATION}-input-files.xcfilelist",
			);
			name = "[CP] Embed Pods Frameworks";
			outputFileListPaths = (
				"${PODS_ROOT}/Target Support Files/Pods-Gambit/Pods-Gambit-frameworks-${CONFIGURATION}-output-files.xcfilelist",
			);
			runOnlyForDeploymentPostprocessing = 0;
			shellPath = /bin/sh;
			shellScript = "\"${PODS_ROOT}/Target Support Files/Pods-Gambit/Pods-Gambit-frameworks.sh\"\n";
			showEnvVarsInLog = 0;
		};
/* End PBXShellScriptBuildPhase section */

/* Begin PBXSourcesBuildPhase section */
		CEA46394253F5D1900074FA0 /* Sources */ = {
			isa = PBXSourcesBuildPhase;
			buildActionMask = 2147483647;
			files = (
				CEA463BA253F60EC00074FA0 /* MainPresenter.swift in Sources */,
				CEA463A0253F5D1900074FA0 /* ViewController.swift in Sources */,
				CEA463B6253F5F3400074FA0 /* Product.swift in Sources */,
				CEA463C4253F641200074FA0 /* NetworkManager.swift in Sources */,
				CEA4639C253F5D1900074FA0 /* AppDelegate.swift in Sources */,
				CEA463CC253F6FF100074FA0 /* ProductCell.swift in Sources */,
				CEA4639E253F5D1900074FA0 /* SceneDelegate.swift in Sources */,
				CEA463D4253F9CBE00074FA0 /* API.swift in Sources */,
				CEA463C8253F65E900074FA0 /* FavoriteData.swift in Sources */,
			);
			runOnlyForDeploymentPostprocessing = 0;
		};
/* End PBXSourcesBuildPhase section */

/* Begin PBXVariantGroup section */
		CEA463A1253F5D1900074FA0 /* Main.storyboard */ = {
			isa = PBXVariantGroup;
			children = (
				CEA463A2253F5D1900074FA0 /* Base */,
			);
			name = Main.storyboard;
			sourceTree = "<group>";
		};
		CEA463A6253F5D1C00074FA0 /* LaunchScreen.storyboard */ = {
			isa = PBXVariantGroup;
			children = (
				CEA463A7253F5D1C00074FA0 /* Base */,
			);
			name = LaunchScreen.storyboard;
			sourceTree = "<group>";
		};
/* End PBXVariantGroup section */

/* Begin XCBuildConfiguration section */
		CEA463AA253F5D1C00074FA0 /* Debug */ = {
			isa = XCBuildConfiguration;
			buildSettings = {
				ALWAYS_SEARCH_USER_PATHS = NO;
				CLANG_ANALYZER_NONNULL = YES;
				CLANG_ANALYZER_NUMBER_OBJECT_CONVERSION = YES_AGGRESSIVE;
				CLANG_CXX_LANGUAGE_STANDARD = "gnu++14";
				CLANG_CXX_LIBRARY = "libc++";
				CLANG_ENABLE_MODULES = YES;
				CLANG_ENABLE_OBJC_ARC = YES;
				CLANG_ENABLE_OBJC_WEAK = YES;
				CLANG_WARN_BLOCK_CAPTURE_AUTORELEASING = YES;
				CLANG_WARN_BOOL_CONVERSION = YES;
				CLANG_WARN_COMMA = YES;
				CLANG_WARN_CONSTANT_CONVERSION = YES;
				CLANG_WARN_DEPRECATED_OBJC_IMPLEMENTATIONS = YES;
				CLANG_WARN_DIRECT_OBJC_ISA_USAGE = YES_ERROR;
				CLANG_WARN_DOCUMENTATION_COMMENTS = YES;
				CLANG_WARN_EMPTY_BODY = YES;
				CLANG_WARN_ENUM_CONVERSION = YES;
				CLANG_WARN_INFINITE_RECURSION = YES;
				CLANG_WARN_INT_CONVERSION = YES;
				CLANG_WARN_NON_LITERAL_NULL_CONVERSION = YES;
				CLANG_WARN_OBJC_IMPLICIT_RETAIN_SELF = YES;
				CLANG_WARN_OBJC_LITERAL_CONVERSION = YES;
				CLANG_WARN_OBJC_ROOT_CLASS = YES_ERROR;
				CLANG_WARN_QUOTED_INCLUDE_IN_FRAMEWORK_HEADER = YES;
				CLANG_WARN_RANGE_LOOP_ANALYSIS = YES;
				CLANG_WARN_STRICT_PROTOTYPES = YES;
				CLANG_WARN_SUSPICIOUS_MOVE = YES;
				CLANG_WARN_UNGUARDED_AVAILABILITY = YES_AGGRESSIVE;
				CLANG_WARN_UNREACHABLE_CODE = YES;
				CLANG_WARN__DUPLICATE_METHOD_MATCH = YES;
				COPY_PHASE_STRIP = NO;
				DEBUG_INFORMATION_FORMAT = dwarf;
				ENABLE_STRICT_OBJC_MSGSEND = YES;
				ENABLE_TESTABILITY = YES;
				GCC_C_LANGUAGE_STANDARD = gnu11;
				GCC_DYNAMIC_NO_PIC = NO;
				GCC_NO_COMMON_BLOCKS = YES;
				GCC_OPTIMIZATION_LEVEL = 0;
				GCC_PREPROCESSOR_DEFINITIONS = (
					"DEBUG=1",
					"$(inherited)",
				);
				GCC_WARN_64_TO_32_BIT_CONVERSION = YES;
				GCC_WARN_ABOUT_RETURN_TYPE = YES_ERROR;
				GCC_WARN_UNDECLARED_SELECTOR = YES;
				GCC_WARN_UNINITIALIZED_AUTOS = YES_AGGRESSIVE;
				GCC_WARN_UNUSED_FUNCTION = YES;
				GCC_WARN_UNUSED_VARIABLE = YES;
				IPHONEOS_DEPLOYMENT_TARGET = 14.0;
				MTL_ENABLE_DEBUG_INFO = INCLUDE_SOURCE;
				MTL_FAST_MATH = YES;
				ONLY_ACTIVE_ARCH = YES;
				SDKROOT = iphoneos;
				SWIFT_ACTIVE_COMPILATION_CONDITIONS = DEBUG;
				SWIFT_OPTIMIZATION_LEVEL = "-Onone";
			};
			name = Debug;
		};
		CEA463AB253F5D1C00074FA0 /* Release */ = {
			isa = XCBuildConfiguration;
			buildSettings = {
				ALWAYS_SEARCH_USER_PATHS = NO;
				CLANG_ANALYZER_NONNULL = YES;
				CLANG_ANALYZER_NUMBER_OBJECT_CONVERSION = YES_AGGRESSIVE;
				CLANG_CXX_LANGUAGE_STANDARD = "gnu++14";
				CLANG_CXX_LIBRARY = "libc++";
				CLANG_ENABLE_MODULES = YES;
				CLANG_ENABLE_OBJC_ARC = YES;
				CLANG_ENABLE_OBJC_WEAK = YES;
				CLANG_WARN_BLOCK_CAPTURE_AUTORELEASING = YES;
				CLANG_WARN_BOOL_CONVERSION = YES;
				CLANG_WARN_COMMA = YES;
				CLANG_WARN_CONSTANT_CONVERSION = YES;
				CLANG_WARN_DEPRECATED_OBJC_IMPLEMENTATIONS = YES;
				CLANG_WARN_DIRECT_OBJC_ISA_USAGE = YES_ERROR;
				CLANG_WARN_DOCUMENTATION_COMMENTS = YES;
				CLANG_WARN_EMPTY_BODY = YES;
				CLANG_WARN_ENUM_CONVERSION = YES;
				CLANG_WARN_INFINITE_RECURSION = YES;
				CLANG_WARN_INT_CONVERSION = YES;
				CLANG_WARN_NON_LITERAL_NULL_CONVERSION = YES;
				CLANG_WARN_OBJC_IMPLICIT_RETAIN_SELF = YES;
				CLANG_WARN_OBJC_LITERAL_CONVERSION = YES;
				CLANG_WARN_OBJC_ROOT_CLASS = YES_ERROR;
				CLANG_WARN_QUOTED_INCLUDE_IN_FRAMEWORK_HEADER = YES;
				CLANG_WARN_RANGE_LOOP_ANALYSIS = YES;
				CLANG_WARN_STRICT_PROTOTYPES = YES;
				CLANG_WARN_SUSPICIOUS_MOVE = YES;
				CLANG_WARN_UNGUARDED_AVAILABILITY = YES_AGGRESSIVE;
				CLANG_WARN_UNREACHABLE_CODE = YES;
				CLANG_WARN__DUPLICATE_METHOD_MATCH = YES;
				COPY_PHASE_STRIP = NO;
				DEBUG_INFORMATION_FORMAT = "dwarf-with-dsym";
				ENABLE_NS_ASSERTIONS = NO;
				ENABLE_STRICT_OBJC_MSGSEND = YES;
				GCC_C_LANGUAGE_STANDARD = gnu11;
				GCC_NO_COMMON_BLOCKS = YES;
				GCC_WARN_64_TO_32_BIT_CONVERSION = YES;
				GCC_WARN_ABOUT_RETURN_TYPE = YES_ERROR;
				GCC_WARN_UNDECLARED_SELECTOR = YES;
				GCC_WARN_UNINITIALIZED_AUTOS = YES_AGGRESSIVE;
				GCC_WARN_UNUSED_FUNCTION = YES;
				GCC_WARN_UNUSED_VARIABLE = YES;
				IPHONEOS_DEPLOYMENT_TARGET = 14.0;
				MTL_ENABLE_DEBUG_INFO = NO;
				MTL_FAST_MATH = YES;
				SDKROOT = iphoneos;
				SWIFT_COMPILATION_MODE = wholemodule;
				SWIFT_OPTIMIZATION_LEVEL = "-O";
				VALIDATE_PRODUCT = YES;
			};
			name = Release;
		};
		CEA463AD253F5D1C00074FA0 /* Debug */ = {
			isa = XCBuildConfiguration;
			baseConfigurationReference = 065B9AC66B235093A219C759 /* Pods-Gambit.debug.xcconfig */;
			buildSettings = {
				ASSETCATALOG_COMPILER_APPICON_NAME = AppIcon;
				ASSETCATALOG_COMPILER_GLOBAL_ACCENT_COLOR_NAME = AccentColor;
				CODE_SIGN_STYLE = Automatic;
				DEVELOPMENT_TEAM = 9U33WE2T42;
				INFOPLIST_FILE = Gambit/Info.plist;
				LD_RUNPATH_SEARCH_PATHS = (
					"$(inherited)",
					"@executable_path/Frameworks",
				);
				PRODUCT_BUNDLE_IDENTIFIER = "life-system.Gambit";
				PRODUCT_NAME = "$(TARGET_NAME)";
				SWIFT_VERSION = 5.0;
				TARGETED_DEVICE_FAMILY = "1,2";
			};
			name = Debug;
		};
		CEA463AE253F5D1C00074FA0 /* Release */ = {
			isa = XCBuildConfiguration;
			baseConfigurationReference = 52F5852F60ACADE026F14EAF /* Pods-Gambit.release.xcconfig */;
			buildSettings = {
				ASSETCATALOG_COMPILER_APPICON_NAME = AppIcon;
				ASSETCATALOG_COMPILER_GLOBAL_ACCENT_COLOR_NAME = AccentColor;
				CODE_SIGN_STYLE = Automatic;
				DEVELOPMENT_TEAM = 9U33WE2T42;
				INFOPLIST_FILE = Gambit/Info.plist;
				LD_RUNPATH_SEARCH_PATHS = (
					"$(inherited)",
					"@executable_path/Frameworks",
				);
				PRODUCT_BUNDLE_IDENTIFIER = "life-system.Gambit";
				PRODUCT_NAME = "$(TARGET_NAME)";
				SWIFT_VERSION = 5.0;
				TARGETED_DEVICE_FAMILY = "1,2";
			};
			name = Release;
		};
/* End XCBuildConfiguration section */

/* Begin XCConfigurationList section */
		CEA46393253F5D1900074FA0 /* Build configuration list for PBXProject "Gambit" */ = {
			isa = XCConfigurationList;
			buildConfigurations = (
				CEA463AA253F5D1C00074FA0 /* Debug */,
				CEA463AB253F5D1C00074FA0 /* Release */,
			);
			defaultConfigurationIsVisible = 0;
			defaultConfigurationName = Release;
		};
		CEA463AC253F5D1C00074FA0 /* Build configuration list for PBXNativeTarget "Gambit" */ = {
			isa = XCConfigurationList;
			buildConfigurations = (
				CEA463AD253F5D1C00074FA0 /* Debug */,
				CEA463AE253F5D1C00074FA0 /* Release */,
			);
			defaultConfigurationIsVisible = 0;
			defaultConfigurationName = Release;
		};
/* End XCConfigurationList section */
	};
	rootObject = CEA46390253F5D1900074FA0 /* Project object */;
}
